
Microsoft Visual Studio Solution File, Format Version 12.00
# Visual Studio 15
VisualStudioVersion = 15.0.28307.705
MinimumVisualStudioVersion = 10.0.40219.1
Project("{FAE04EC0-301F-11D3-BF4B-00C04F79EFBC}") = "Task3", "Task3\Task3.csproj", "{96A68DBC-5DDB-4BC8-9D00-B1123D8ACEBF}"
EndProject
Global
	GlobalSection(SolutionConfigurationPlatforms) = preSolution
		Debug|Any CPU = Debug|Any CPU
		Release|Any CPU = Release|Any CPU
	EndGlobalSection
	GlobalSection(ProjectConfigurationPlatforms) = postSolution
		{96A68DBC-5DDB-4BC8-9D00-B1123D8ACEBF}.Debug|Any CPU.ActiveCfg = Debug|Any CPU
		{96A68DBC-5DDB-4BC8-9D00-B1123D8ACEBF}.Debug|Any CPU.Build.0 = Debug|Any CPU
		{96A68DBC-5DDB-4BC8-9D00-B1123D8ACEBF}.Release|Any CPU.ActiveCfg = Release|Any CPU
		{96A68DBC-5DDB-4BC8-9D00-B1123D8ACEBF}.Release|Any CPU.Build.0 = Release|Any CPU
	EndGlobalSection
	GlobalSection(SolutionProperties) = preSolution
		HideSolutionNode = FALSE
	EndGlobalSection
	GlobalSection(ExtensibilityGlobals) = postSolution
		SolutionGuid = {171ED660-0D81-4EE3-B223-1FCD22BE18A3}
	EndGlobalSection
EndGlobal
